
Microsoft Visual Studio Solution File, Format Version 12.00
# Visual Studio Version 16
VisualStudioVersion = 16.0.29306.81
MinimumVisualStudioVersion = 10.0.40219.1
Project("{FAE04EC0-301F-11D3-BF4B-00C04F79EFBC}") = "GUI", "QuanLyHotel\GUI.csproj", "{DF1E6A5B-725B-456A-B465-92AD876AEDC7}"
EndProject
Project("{FAE04EC0-301F-11D3-BF4B-00C04F79EFBC}") = "DTO", "DTO\DTO.csproj", "{F5B7E05D-827E-4416-8313-BC79B935DE7A}"
EndProject
Project("{FAE04EC0-301F-11D3-BF4B-00C04F79EFBC}") = "BUS", "BUS\BUS.csproj", "{80DB5FD4-BD7B-4F4A-9161-3D844A6CF912}"
EndProject
Project("{FAE04EC0-301F-11D3-BF4B-00C04F79EFBC}") = "DAO", "DAO\DAO.csproj", "{90FD99A4-F06A-4E7A-B434-25EA10A02613}"
EndProject
Global
	GlobalSection(SolutionConfigurationPlatforms) = preSolution
		Debug|Any CPU = Debug|Any CPU
		Release|Any CPU = Release|Any CPU
	EndGlobalSection
	GlobalSection(ProjectConfigurationPlatforms) = postSolution
		{DF1E6A5B-725B-456A-B465-92AD876AEDC7}.Debug|Any CPU.ActiveCfg = Debug|Any CPU
		{DF1E6A5B-725B-456A-B465-92AD876AEDC7}.Debug|Any CPU.Build.0 = Debug|Any CPU
		{DF1E6A5B-725B-456A-B465-92AD876AEDC7}.Release|Any CPU.ActiveCfg = Release|Any CPU
		{DF1E6A5B-725B-456A-B465-92AD876AEDC7}.Release|Any CPU.Build.0 = Release|Any CPU
		{F5B7E05D-827E-4416-8313-BC79B935DE7A}.Debug|Any CPU.ActiveCfg = Debug|Any CPU
		{F5B7E05D-827E-4416-8313-BC79B935DE7A}.Debug|Any CPU.Build.0 = Debug|Any CPU
		{F5B7E05D-827E-4416-8313-BC79B935DE7A}.Release|Any CPU.ActiveCfg = Release|Any CPU
		{F5B7E05D-827E-4416-8313-BC79B935DE7A}.Release|Any CPU.Build.0 = Release|Any CPU
		{80DB5FD4-BD7B-4F4A-9161-3D844A6CF912}.Debug|Any CPU.ActiveCfg = Debug|Any CPU
		{80DB5FD4-BD7B-4F4A-9161-3D844A6CF912}.Debug|Any CPU.Build.0 = Debug|Any CPU
		{80DB5FD4-BD7B-4F4A-9161-3D844A6CF912}.Release|Any CPU.ActiveCfg = Release|Any CPU
		{80DB5FD4-BD7B-4F4A-9161-3D844A6CF912}.Release|Any CPU.Build.0 = Release|Any CPU
		{90FD99A4-F06A-4E7A-B434-25EA10A02613}.Debug|Any CPU.ActiveCfg = Debug|Any CPU
		{90FD99A4-F06A-4E7A-B434-25EA10A02613}.Debug|Any CPU.Build.0 = Debug|Any CPU
		{90FD99A4-F06A-4E7A-B434-25EA10A02613}.Release|Any CPU.ActiveCfg = Release|Any CPU
		{90FD99A4-F06A-4E7A-B434-25EA10A02613}.Release|Any CPU.Build.0 = Release|Any CPU
	EndGlobalSection
	GlobalSection(SolutionProperties) = preSolution
		HideSolutionNode = FALSE
	EndGlobalSection
	GlobalSection(ExtensibilityGlobals) = postSolution
		SolutionGuid = {E2E8838D-2D22-4A00-B35C-8D89A2FB4C1E}
	EndGlobalSection
EndGlobal
